// !$*UTF8*$!
{
	archiveVersion = 1;
	classes = {
	};
	objectVersion = 77;
	objects = {

/* Begin PBXBuildFile section */
		B220AA712CA2AE5B00232D3C /* Message Box.swift in Sources */ = {isa = PBXBuildFile; fileRef = B220AA702CA2AE5B00232D3C /* Message Box.swift */; };
		B220AA852CA2CF5A00232D3C /* Input String.swift in Sources */ = {isa = PBXBuildFile; fileRef = B220AA742CA2CF5A00232D3C /* Input String.swift */; };
		B220AA862CA2CF5A00232D3C /* Input Float.swift in Sources */ = {isa = PBXBuildFile; fileRef = B220AA772CA2CF5A00232D3C /* Input Float.swift */; };
		B220AA872CA2CF5A00232D3C /* input Number Mac.swift in Sources */ = {isa = PBXBuildFile; fileRef = B220AA782CA2CF5A00232D3C /* input Number Mac.swift */; };
		B220AA882CA2CF5A00232D3C /* Input Title.swift in Sources */ = {isa = PBXBuildFile; fileRef = B220AA752CA2CF5A00232D3C /* Input Title.swift */; };
		B220AA892CA2CF5A00232D3C /* Date Picker Input.swift in Sources */ = {isa = PBXBuildFile; fileRef = B220AA7D2CA2CF5A00232D3C /* Date Picker Input.swift */; };
		B220AA8A2CA2CF5A00232D3C /* Multi Select Picker Input.swift in Sources */ = {isa = PBXBuildFile; fileRef = B220AA7C2CA2CF5A00232D3C /* Multi Select Picker Input.swift */; };
		B220AA8B2CA2CF5A00232D3C /* Standard View.swift in Sources */ = {isa = PBXBuildFile; fileRef = B220AA802CA2CF5A00232D3C /* Standard View.swift */; };
		B220AA8C2CA2CF5A00232D3C /* Banner.swift in Sources */ = {isa = PBXBuildFile; fileRef = B220AA722CA2CF5A00232D3C /* Banner.swift */; };
		B220AA8D2CA2CF5A00232D3C /* Picker Input Simple.swift in Sources */ = {isa = PBXBuildFile; fileRef = B220AA7A2CA2CF5A00232D3C /* Picker Input Simple.swift */; };
		B220AA8E2CA2CF5A00232D3C /* Image Capture.swift in Sources */ = {isa = PBXBuildFile; fileRef = B220AA732CA2CF5A00232D3C /* Image Capture.swift */; };
		B220AA8F2CA2CF5A00232D3C /* Picker Input.swift in Sources */ = {isa = PBXBuildFile; fileRef = B220AA7B2CA2CF5A00232D3C /* Picker Input.swift */; };
		B220AA902CA2CF5A00232D3C /* Separator.swift in Sources */ = {isa = PBXBuildFile; fileRef = B220AA7F2CA2CF5A00232D3C /* Separator.swift */; };
		B220AA912CA2CF5A00232D3C /* Input Integer.swift in Sources */ = {isa = PBXBuildFile; fileRef = B220AA762CA2CF5A00232D3C /* Input Integer.swift */; };
		B220AA922CA2CF5A00232D3C /* Double Column View.swift in Sources */ = {isa = PBXBuildFile; fileRef = B220AA812CA2CF5A00232D3C /* Double Column View.swift */; };
		B220AA932CA2CF5A00232D3C /* Stepper Input.swift in Sources */ = {isa = PBXBuildFile; fileRef = B220AA7E2CA2CF5A00232D3C /* Stepper Input.swift */; };
		B220AA942CA2CF5A00232D3C /* Toolbar View.swift in Sources */ = {isa = PBXBuildFile; fileRef = B220AA822CA2CF5A00232D3C /* Toolbar View.swift */; };
		B220AA952CA2CF5A00232D3C /* Input Toggle.swift in Sources */ = {isa = PBXBuildFile; fileRef = B220AA792CA2CF5A00232D3C /* Input Toggle.swift */; };
		B220AA962CA2CF5A00232D3C /* List Tile View.swift in Sources */ = {isa = PBXBuildFile; fileRef = B220AA832CA2CF5A00232D3C /* List Tile View.swift */; };
		B220AA972CA2CF5A00232D3C /* Inset View.swift in Sources */ = {isa = PBXBuildFile; fileRef = B220AA842CA2CF5A00232D3C /* Inset View.swift */; };
		B220AA9E2CA2CF6B00232D3C /* Target View Modifiers.swift in Sources */ = {isa = PBXBuildFile; fileRef = B220AA9A2CA2CF6B00232D3C /* Target View Modifiers.swift */; };
		B220AA9F2CA2CF6B00232D3C /* Slide In Menu.swift in Sources */ = {isa = PBXBuildFile; fileRef = B220AA982CA2CF6B00232D3C /* Slide In Menu.swift */; };
		B220AAA02CA2CF6B00232D3C /* Swipe Gestures.swift in Sources */ = {isa = PBXBuildFile; fileRef = B220AA992CA2CF6B00232D3C /* Swipe Gestures.swift */; };
		B220AAA12CA2CF6B00232D3C /* Keyboard Adaptive.swift in Sources */ = {isa = PBXBuildFile; fileRef = B220AA9B2CA2CF6B00232D3C /* Keyboard Adaptive.swift */; };
		B220AAA22CA2CF6B00232D3C /* Undo Handler.swift in Sources */ = {isa = PBXBuildFile; fileRef = B220AA9D2CA2CF6B00232D3C /* Undo Handler.swift */; };
		B220AAA32CA2CF6B00232D3C /* Popup Menu.swift in Sources */ = {isa = PBXBuildFile; fileRef = B220AA9C2CA2CF6B00232D3C /* Popup Menu.swift */; };
		B220AAA62CA2CFCC00232D3C /* Custom Collection View Flow.swift in Sources */ = {isa = PBXBuildFile; fileRef = B220AAA42CA2CFCC00232D3C /* Custom Collection View Flow.swift */; };
		B220AAA72CA2CFCC00232D3C /* Custom View Animations.swift in Sources */ = {isa = PBXBuildFile; fileRef = B220AAA52CA2CFCC00232D3C /* Custom View Animations.swift */; };
		B220AAA92CA2CFDF00232D3C /* Graph View Class.swift in Sources */ = {isa = PBXBuildFile; fileRef = B220AAA82CA2CFDF00232D3C /* Graph View Class.swift */; };
		B27E2DB52C9B2B6B006AF358 /* Preview Assets.xcassets in Resources */ = {isa = PBXBuildFile; fileRef = B27E2DAA2C9B2B6B006AF358 /* Preview Assets.xcassets */; };
		B27E2DB62C9B2B6B006AF358 /* Assets.xcassets in Resources */ = {isa = PBXBuildFile; fileRef = B27E2DAD2C9B2B6B006AF358 /* Assets.xcassets */; };
		B27E2DB72C9B2B6B006AF358 /* ContentView.swift in Sources */ = {isa = PBXBuildFile; fileRef = B27E2DAE2C9B2B6B006AF358 /* ContentView.swift */; };
		B27E2DBA2C9B2B6B006AF358 /* System Control App.swift in Sources */ = {isa = PBXBuildFile; fileRef = B27E2DB22C9B2B6B006AF358 /* System Control App.swift */; };
		B27E2DC02C9B2BF7006AF358 /* Notes.txt in Resources */ = {isa = PBXBuildFile; fileRef = B27E2DBF2C9B2BF7006AF358 /* Notes.txt */; };
		B27E2DC52C9B3178006AF358 /* Entity List.swift in Sources */ = {isa = PBXBuildFile; fileRef = B27E2DC42C9B3171006AF358 /* Entity List.swift */; };
		B27E2DC72C9B3470006AF358 /* Persistence.swift in Sources */ = {isa = PBXBuildFile; fileRef = B27E2DC62C9B3470006AF358 /* Persistence.swift */; };
		B27E2DCA2C9B35B0006AF358 /* Fragment Managed Object.swift in Sources */ = {isa = PBXBuildFile; fileRef = B27E2DC92C9B35A5006AF358 /* Fragment Managed Object.swift */; };
		B27E2DD12C9B3680006AF358 /* Core Data.swift in Sources */ = {isa = PBXBuildFile; fileRef = B27E2DD02C9B3680006AF358 /* Core Data.swift */; };
		B2801F7E2C9BF4DF00F4E1F1 /* Object Model.swift in Sources */ = {isa = PBXBuildFile; fileRef = B2801F7D2C9BF4D800F4E1F1 /* Object Model.swift */; };
		B2801F812C9C018B00F4E1F1 /* Themes.swift in Sources */ = {isa = PBXBuildFile; fileRef = B2801F802C9C018B00F4E1F1 /* Themes.swift */; };
		B2801F822C9C018B00F4E1F1 /* Palette.swift in Sources */ = {isa = PBXBuildFile; fileRef = B2801F7F2C9C018B00F4E1F1 /* Palette.swift */; };
		B2801F912C9C01AD00F4E1F1 /* Link Presentation.swift in Sources */ = {isa = PBXBuildFile; fileRef = B2801F8C2C9C01AD00F4E1F1 /* Link Presentation.swift */; };
		B2801F922C9C01AD00F4E1F1 /* Day Number.swift in Sources */ = {isa = PBXBuildFile; fileRef = B2801F882C9C01AD00F4E1F1 /* Day Number.swift */; };
		B2801F932C9C01AD00F4E1F1 /* iCloud.swift in Sources */ = {isa = PBXBuildFile; fileRef = B2801F902C9C01AD00F4E1F1 /* iCloud.swift */; };
		B2801F942C9C01AD00F4E1F1 /* My Color.swift in Sources */ = {isa = PBXBuildFile; fileRef = B2801F852C9C01AD00F4E1F1 /* My Color.swift */; };
		B2801F952C9C01AD00F4E1F1 /* Utility.swift in Sources */ = {isa = PBXBuildFile; fileRef = B2801F832C9C01AD00F4E1F1 /* Utility.swift */; };
		B2801F962C9C01AD00F4E1F1 /* Utility Extension.swift in Sources */ = {isa = PBXBuildFile; fileRef = B2801F842C9C01AD00F4E1F1 /* Utility Extension.swift */; };
		B2801F972C9C01AD00F4E1F1 /* My Image.swift in Sources */ = {isa = PBXBuildFile; fileRef = B2801F862C9C01AD00F4E1F1 /* My Image.swift */; };
		B2801F982C9C01AD00F4E1F1 /* Other Extensions.swift in Sources */ = {isa = PBXBuildFile; fileRef = B2801F8A2C9C01AD00F4E1F1 /* Other Extensions.swift */; };
		B2801F992C9C01AD00F4E1F1 /* Local Authentication.swift in Sources */ = {isa = PBXBuildFile; fileRef = B2801F8D2C9C01AD00F4E1F1 /* Local Authentication.swift */; };
		B2801F9A2C9C01AD00F4E1F1 /* Constraint.swift in Sources */ = {isa = PBXBuildFile; fileRef = B2801F8B2C9C01AD00F4E1F1 /* Constraint.swift */; };
		B2801F9B2C9C01AD00F4E1F1 /* String Extensions.swift in Sources */ = {isa = PBXBuildFile; fileRef = B2801F892C9C01AD00F4E1F1 /* String Extensions.swift */; };
		B2801F9C2C9C01AD00F4E1F1 /* Flags.swift in Sources */ = {isa = PBXBuildFile; fileRef = B2801F8F2C9C01AD00F4E1F1 /* Flags.swift */; };
		B2801F9D2C9C01AD00F4E1F1 /* Backup.swift in Sources */ = {isa = PBXBuildFile; fileRef = B2801F8E2C9C01AD00F4E1F1 /* Backup.swift */; };
		B2801F9E2C9C01AD00F4E1F1 /* Date Extensions.swift in Sources */ = {isa = PBXBuildFile; fileRef = B2801F872C9C01AD00F4E1F1 /* Date Extensions.swift */; };
		B2801FC82C9C030C00F4E1F1 /* Key Action Enumeration.swift in Sources */ = {isa = PBXBuildFile; fileRef = B2801FC22C9C030C00F4E1F1 /* Key Action Enumeration.swift */; };
		B2801FD72C9C0E9A00F4E1F1 /* Config.swift in Sources */ = {isa = PBXBuildFile; fileRef = B2801FD52C9C0E9A00F4E1F1 /* Config.swift */; };
		B2801FD82C9C0E9A00F4E1F1 /* User Defaults.swift in Sources */ = {isa = PBXBuildFile; fileRef = B2801FD62C9C0E9A00F4E1F1 /* User Defaults.swift */; };
		B2801FD92C9C0E9A00F4E1F1 /* MyApp.swift in Sources */ = {isa = PBXBuildFile; fileRef = B2801FD32C9C0E9A00F4E1F1 /* MyApp.swift */; };
		B2801FDA2C9C0E9A00F4E1F1 /* Declarations.swift in Sources */ = {isa = PBXBuildFile; fileRef = B2801FD42C9C0E9A00F4E1F1 /* Declarations.swift */; };
		B2801FDD2C9C0EFA00F4E1F1 /* Version.swift in Sources */ = {isa = PBXBuildFile; fileRef = B2801FDC2C9C0EFA00F4E1F1 /* Version.swift */; };
		B2801FDF2C9C106E00F4E1F1 /* Master Data.swift in Sources */ = {isa = PBXBuildFile; fileRef = B2801FDE2C9C106E00F4E1F1 /* Master Data.swift */; };
		B2801FE22C9C11BE00F4E1F1 /* Fragment View Model.swift in Sources */ = {isa = PBXBuildFile; fileRef = B2801FE12C9C11B700F4E1F1 /* Fragment View Model.swift */; };
/* End PBXBuildFile section */

/* Begin PBXFileReference section */
		B220AA702CA2AE5B00232D3C /* Message Box.swift */ = {isa = PBXFileReference; lastKnownFileType = sourcecode.swift; path = "Message Box.swift"; sourceTree = "<group>"; };
		B220AA722CA2CF5A00232D3C /* Banner.swift */ = {isa = PBXFileReference; lastKnownFileType = sourcecode.swift; path = Banner.swift; sourceTree = "<group>"; };
		B220AA732CA2CF5A00232D3C /* Image Capture.swift */ = {isa = PBXFileReference; lastKnownFileType = sourcecode.swift; path = "Image Capture.swift"; sourceTree = "<group>"; };
		B220AA742CA2CF5A00232D3C /* Input String.swift */ = {isa = PBXFileReference; lastKnownFileType = sourcecode.swift; path = "Input String.swift"; sourceTree = "<group>"; };
		B220AA752CA2CF5A00232D3C /* Input Title.swift */ = {isa = PBXFileReference; lastKnownFileType = sourcecode.swift; path = "Input Title.swift"; sourceTree = "<group>"; };
		B220AA762CA2CF5A00232D3C /* Input Integer.swift */ = {isa = PBXFileReference; lastKnownFileType = sourcecode.swift; path = "Input Integer.swift"; sourceTree = "<group>"; };
		B220AA772CA2CF5A00232D3C /* Input Float.swift */ = {isa = PBXFileReference; lastKnownFileType = sourcecode.swift; path = "Input Float.swift"; sourceTree = "<group>"; };
		B220AA782CA2CF5A00232D3C /* input Number Mac.swift */ = {isa = PBXFileReference; lastKnownFileType = sourcecode.swift; path = "input Number Mac.swift"; sourceTree = "<group>"; };
		B220AA792CA2CF5A00232D3C /* Input Toggle.swift */ = {isa = PBXFileReference; lastKnownFileType = sourcecode.swift; path = "Input Toggle.swift"; sourceTree = "<group>"; };
		B220AA7A2CA2CF5A00232D3C /* Picker Input Simple.swift */ = {isa = PBXFileReference; lastKnownFileType = sourcecode.swift; path = "Picker Input Simple.swift"; sourceTree = "<group>"; };
		B220AA7B2CA2CF5A00232D3C /* Picker Input.swift */ = {isa = PBXFileReference; lastKnownFileType = sourcecode.swift; path = "Picker Input.swift"; sourceTree = "<group>"; };
		B220AA7C2CA2CF5A00232D3C /* Multi Select Picker Input.swift */ = {isa = PBXFileReference; lastKnownFileType = sourcecode.swift; path = "Multi Select Picker Input.swift"; sourceTree = "<group>"; };
		B220AA7D2CA2CF5A00232D3C /* Date Picker Input.swift */ = {isa = PBXFileReference; lastKnownFileType = sourcecode.swift; path = "Date Picker Input.swift"; sourceTree = "<group>"; };
		B220AA7E2CA2CF5A00232D3C /* Stepper Input.swift */ = {isa = PBXFileReference; lastKnownFileType = sourcecode.swift; path = "Stepper Input.swift"; sourceTree = "<group>"; };
		B220AA7F2CA2CF5A00232D3C /* Separator.swift */ = {isa = PBXFileReference; lastKnownFileType = sourcecode.swift; path = Separator.swift; sourceTree = "<group>"; };
		B220AA802CA2CF5A00232D3C /* Standard View.swift */ = {isa = PBXFileReference; lastKnownFileType = sourcecode.swift; path = "Standard View.swift"; sourceTree = "<group>"; };
		B220AA812CA2CF5A00232D3C /* Double Column View.swift */ = {isa = PBXFileReference; lastKnownFileType = sourcecode.swift; path = "Double Column View.swift"; sourceTree = "<group>"; };
		B220AA822CA2CF5A00232D3C /* Toolbar View.swift */ = {isa = PBXFileReference; lastKnownFileType = sourcecode.swift; path = "Toolbar View.swift"; sourceTree = "<group>"; };
		B220AA832CA2CF5A00232D3C /* List Tile View.swift */ = {isa = PBXFileReference; lastKnownFileType = sourcecode.swift; path = "List Tile View.swift"; sourceTree = "<group>"; };
		B220AA842CA2CF5A00232D3C /* Inset View.swift */ = {isa = PBXFileReference; lastKnownFileType = sourcecode.swift; path = "Inset View.swift"; sourceTree = "<group>"; };
		B220AA982CA2CF6B00232D3C /* Slide In Menu.swift */ = {isa = PBXFileReference; lastKnownFileType = sourcecode.swift; path = "Slide In Menu.swift"; sourceTree = "<group>"; };
		B220AA992CA2CF6B00232D3C /* Swipe Gestures.swift */ = {isa = PBXFileReference; lastKnownFileType = sourcecode.swift; path = "Swipe Gestures.swift"; sourceTree = "<group>"; };
		B220AA9A2CA2CF6B00232D3C /* Target View Modifiers.swift */ = {isa = PBXFileReference; lastKnownFileType = sourcecode.swift; path = "Target View Modifiers.swift"; sourceTree = "<group>"; };
		B220AA9B2CA2CF6B00232D3C /* Keyboard Adaptive.swift */ = {isa = PBXFileReference; lastKnownFileType = sourcecode.swift; path = "Keyboard Adaptive.swift"; sourceTree = "<group>"; };
		B220AA9C2CA2CF6B00232D3C /* Popup Menu.swift */ = {isa = PBXFileReference; lastKnownFileType = sourcecode.swift; path = "Popup Menu.swift"; sourceTree = "<group>"; };
		B220AA9D2CA2CF6B00232D3C /* Undo Handler.swift */ = {isa = PBXFileReference; lastKnownFileType = sourcecode.swift; path = "Undo Handler.swift"; sourceTree = "<group>"; };
		B220AAA42CA2CFCC00232D3C /* Custom Collection View Flow.swift */ = {isa = PBXFileReference; lastKnownFileType = sourcecode.swift; path = "Custom Collection View Flow.swift"; sourceTree = "<group>"; };
		B220AAA52CA2CFCC00232D3C /* Custom View Animations.swift */ = {isa = PBXFileReference; lastKnownFileType = sourcecode.swift; path = "Custom View Animations.swift"; sourceTree = "<group>"; };
		B220AAA82CA2CFDF00232D3C /* Graph View Class.swift */ = {isa = PBXFileReference; lastKnownFileType = sourcecode.swift; path = "Graph View Class.swift"; sourceTree = "<group>"; };
		B27E2D902C9B2A01006AF358 /* SystemControl.app */ = {isa = PBXFileReference; explicitFileType = wrapper.application; includeInIndex = 0; path = SystemControl.app; sourceTree = BUILT_PRODUCTS_DIR; };
		B27E2DAA2C9B2B6B006AF358 /* Preview Assets.xcassets */ = {isa = PBXFileReference; lastKnownFileType = folder.assetcatalog; path = "Preview Assets.xcassets"; sourceTree = "<group>"; };
		B27E2DAD2C9B2B6B006AF358 /* Assets.xcassets */ = {isa = PBXFileReference; lastKnownFileType = folder.assetcatalog; path = Assets.xcassets; sourceTree = "<group>"; };
		B27E2DAE2C9B2B6B006AF358 /* ContentView.swift */ = {isa = PBXFileReference; lastKnownFileType = sourcecode.swift; path = ContentView.swift; sourceTree = "<group>"; };
		B27E2DB02C9B2B6B006AF358 /* SystemControl.entitlements */ = {isa = PBXFileReference; lastKnownFileType = text.plist.entitlements; path = SystemControl.entitlements; sourceTree = "<group>"; };
		B27E2DB22C9B2B6B006AF358 /* System Control App.swift */ = {isa = PBXFileReference; lastKnownFileType = sourcecode.swift; path = "System Control App.swift"; sourceTree = "<group>"; };
		B27E2DBF2C9B2BF7006AF358 /* Notes.txt */ = {isa = PBXFileReference; lastKnownFileType = text; path = Notes.txt; sourceTree = "<group>"; };
		B27E2DC42C9B3171006AF358 /* Entity List.swift */ = {isa = PBXFileReference; lastKnownFileType = sourcecode.swift; path = "Entity List.swift"; sourceTree = "<group>"; };
		B27E2DC62C9B3470006AF358 /* Persistence.swift */ = {isa = PBXFileReference; lastKnownFileType = sourcecode.swift; path = Persistence.swift; sourceTree = "<group>"; };
		B27E2DC92C9B35A5006AF358 /* Fragment Managed Object.swift */ = {isa = PBXFileReference; lastKnownFileType = sourcecode.swift; path = "Fragment Managed Object.swift"; sourceTree = "<group>"; };
		B27E2DD02C9B3680006AF358 /* Core Data.swift */ = {isa = PBXFileReference; lastKnownFileType = sourcecode.swift; path = "Core Data.swift"; sourceTree = "<group>"; };
		B2801F7D2C9BF4D800F4E1F1 /* Object Model.swift */ = {isa = PBXFileReference; lastKnownFileType = sourcecode.swift; path = "Object Model.swift"; sourceTree = "<group>"; };
		B2801F7F2C9C018B00F4E1F1 /* Palette.swift */ = {isa = PBXFileReference; lastKnownFileType = sourcecode.swift; path = Palette.swift; sourceTree = "<group>"; };
		B2801F802C9C018B00F4E1F1 /* Themes.swift */ = {isa = PBXFileReference; lastKnownFileType = sourcecode.swift; path = Themes.swift; sourceTree = "<group>"; };
		B2801F832C9C01AD00F4E1F1 /* Utility.swift */ = {isa = PBXFileReference; lastKnownFileType = sourcecode.swift; path = Utility.swift; sourceTree = "<group>"; };
		B2801F842C9C01AD00F4E1F1 /* Utility Extension.swift */ = {isa = PBXFileReference; lastKnownFileType = sourcecode.swift; path = "Utility Extension.swift"; sourceTree = "<group>"; };
		B2801F852C9C01AD00F4E1F1 /* My Color.swift */ = {isa = PBXFileReference; lastKnownFileType = sourcecode.swift; path = "My Color.swift"; sourceTree = "<group>"; };
		B2801F862C9C01AD00F4E1F1 /* My Image.swift */ = {isa = PBXFileReference; lastKnownFileType = sourcecode.swift; path = "My Image.swift"; sourceTree = "<group>"; };
		B2801F872C9C01AD00F4E1F1 /* Date Extensions.swift */ = {isa = PBXFileReference; lastKnownFileType = sourcecode.swift; path = "Date Extensions.swift"; sourceTree = "<group>"; };
		B2801F882C9C01AD00F4E1F1 /* Day Number.swift */ = {isa = PBXFileReference; lastKnownFileType = sourcecode.swift; path = "Day Number.swift"; sourceTree = "<group>"; };
		B2801F892C9C01AD00F4E1F1 /* String Extensions.swift */ = {isa = PBXFileReference; lastKnownFileType = sourcecode.swift; path = "String Extensions.swift"; sourceTree = "<group>"; };
		B2801F8A2C9C01AD00F4E1F1 /* Other Extensions.swift */ = {isa = PBXFileReference; lastKnownFileType = sourcecode.swift; path = "Other Extensions.swift"; sourceTree = "<group>"; };
		B2801F8B2C9C01AD00F4E1F1 /* Constraint.swift */ = {isa = PBXFileReference; lastKnownFileType = sourcecode.swift; path = Constraint.swift; sourceTree = "<group>"; };
		B2801F8C2C9C01AD00F4E1F1 /* Link Presentation.swift */ = {isa = PBXFileReference; lastKnownFileType = sourcecode.swift; path = "Link Presentation.swift"; sourceTree = "<group>"; };
		B2801F8D2C9C01AD00F4E1F1 /* Local Authentication.swift */ = {isa = PBXFileReference; lastKnownFileType = sourcecode.swift; path = "Local Authentication.swift"; sourceTree = "<group>"; };
		B2801F8E2C9C01AD00F4E1F1 /* Backup.swift */ = {isa = PBXFileReference; lastKnownFileType = sourcecode.swift; path = Backup.swift; sourceTree = "<group>"; };
		B2801F8F2C9C01AD00F4E1F1 /* Flags.swift */ = {isa = PBXFileReference; lastKnownFileType = sourcecode.swift; path = Flags.swift; sourceTree = "<group>"; };
		B2801F902C9C01AD00F4E1F1 /* iCloud.swift */ = {isa = PBXFileReference; lastKnownFileType = sourcecode.swift; path = iCloud.swift; sourceTree = "<group>"; };
		B2801FC22C9C030C00F4E1F1 /* Key Action Enumeration.swift */ = {isa = PBXFileReference; lastKnownFileType = sourcecode.swift; path = "Key Action Enumeration.swift"; sourceTree = "<group>"; };
		B2801FD32C9C0E9A00F4E1F1 /* MyApp.swift */ = {isa = PBXFileReference; lastKnownFileType = sourcecode.swift; path = MyApp.swift; sourceTree = "<group>"; };
		B2801FD42C9C0E9A00F4E1F1 /* Declarations.swift */ = {isa = PBXFileReference; lastKnownFileType = sourcecode.swift; path = Declarations.swift; sourceTree = "<group>"; };
		B2801FD52C9C0E9A00F4E1F1 /* Config.swift */ = {isa = PBXFileReference; lastKnownFileType = sourcecode.swift; path = Config.swift; sourceTree = "<group>"; };
		B2801FD62C9C0E9A00F4E1F1 /* User Defaults.swift */ = {isa = PBXFileReference; lastKnownFileType = sourcecode.swift; path = "User Defaults.swift"; sourceTree = "<group>"; };
		B2801FDC2C9C0EFA00F4E1F1 /* Version.swift */ = {isa = PBXFileReference; lastKnownFileType = sourcecode.swift; path = Version.swift; sourceTree = "<group>"; };
		B2801FDE2C9C106E00F4E1F1 /* Master Data.swift */ = {isa = PBXFileReference; lastKnownFileType = sourcecode.swift; path = "Master Data.swift"; sourceTree = "<group>"; };
		B2801FE12C9C11B700F4E1F1 /* Fragment View Model.swift */ = {isa = PBXFileReference; lastKnownFileType = sourcecode.swift; path = "Fragment View Model.swift"; sourceTree = "<group>"; };
/* End PBXFileReference section */

/* Begin PBXFrameworksBuildPhase section */
		B27E2D8D2C9B2A01006AF358 /* Frameworks */ = {
			isa = PBXFrameworksBuildPhase;
			buildActionMask = 2147483647;
			files = (
			);
			runOnlyForDeploymentPostprocessing = 0;
		};
/* End PBXFrameworksBuildPhase section */

/* Begin PBXGroup section */
		B27E2D872C9B2A01006AF358 = {
			isa = PBXGroup;
			children = (
				B27E2DB32C9B2B6B006AF358 /* SystemControl */,
				B27E2D912C9B2A01006AF358 /* Products */,
			);
			sourceTree = "<group>";
		};
		B27E2D912C9B2A01006AF358 /* Products */ = {
			isa = PBXGroup;
			children = (
				B27E2D902C9B2A01006AF358 /* SystemControl.app */,
			);
			name = Products;
			sourceTree = "<group>";
		};
		B27E2DAB2C9B2B6B006AF358 /* Preview Content */ = {
			isa = PBXGroup;
			children = (
				B27E2DAA2C9B2B6B006AF358 /* Preview Assets.xcassets */,
			);
			path = "Preview Content";
			sourceTree = "<group>";
		};
		B27E2DB32C9B2B6B006AF358 /* SystemControl */ = {
			isa = PBXGroup;
			children = (
				B27E2DB02C9B2B6B006AF358 /* SystemControl.entitlements */,
				B27E2DBB2C9B2B8C006AF358 /* Shared */,
				B27E2DBC2C9B2BA0006AF358 /* Main App */,
				B27E2DAB2C9B2B6B006AF358 /* Preview Content */,
				B27E2DAE2C9B2B6B006AF358 /* ContentView.swift */,
			);
			path = SystemControl;
			sourceTree = "<group>";
		};
		B27E2DBB2C9B2B8C006AF358 /* Shared */ = {
			isa = PBXGroup;
			children = (
				B27E2DBF2C9B2BF7006AF358 /* Notes.txt */,
				B2801FD12C9C069300F4E1F1 /* Managed Objects */,
				B2801FE02C9C11A000F4E1F1 /* View Models */,
				B2801FCF2C9C064D00F4E1F1 /* Standard Components */,
				B2801FDB2C9C0EDC00F4E1F1 /* Utilities */,
				B2801FCD2C9C05AF00F4E1F1 /* Libraries */,
				B2801FCE2C9C060300F4E1F1 /* Reusable UIKit Components */,
			);
			path = Shared;
			sourceTree = "<group>";
		};
		B27E2DBC2C9B2BA0006AF358 /* Main App */ = {
			isa = PBXGroup;
			children = (
				B2801FD22C9C06F900F4E1F1 /* Standard Components */,
			);
			path = "Main App";
			sourceTree = "<group>";
		};
		B2801FCD2C9C05AF00F4E1F1 /* Libraries */ = {
			isa = PBXGroup;
			children = (
				B2801F7F2C9C018B00F4E1F1 /* Palette.swift */,
				B2801F802C9C018B00F4E1F1 /* Themes.swift */,
				B27E2DD02C9B3680006AF358 /* Core Data.swift */,
				B2801F7D2C9BF4D800F4E1F1 /* Object Model.swift */,
				B2801F832C9C01AD00F4E1F1 /* Utility.swift */,
				B2801F842C9C01AD00F4E1F1 /* Utility Extension.swift */,
				B2801F852C9C01AD00F4E1F1 /* My Color.swift */,
				B2801F862C9C01AD00F4E1F1 /* My Image.swift */,
				B2801F872C9C01AD00F4E1F1 /* Date Extensions.swift */,
				B2801F882C9C01AD00F4E1F1 /* Day Number.swift */,
				B2801F892C9C01AD00F4E1F1 /* String Extensions.swift */,
				B2801F8A2C9C01AD00F4E1F1 /* Other Extensions.swift */,
				B2801F8B2C9C01AD00F4E1F1 /* Constraint.swift */,
				B2801F8C2C9C01AD00F4E1F1 /* Link Presentation.swift */,
				B2801F8D2C9C01AD00F4E1F1 /* Local Authentication.swift */,
				B2801F8E2C9C01AD00F4E1F1 /* Backup.swift */,
				B220AAA42CA2CFCC00232D3C /* Custom Collection View Flow.swift */,
				B220AAA52CA2CFCC00232D3C /* Custom View Animations.swift */,
				B220AAA82CA2CFDF00232D3C /* Graph View Class.swift */,
				B2801F8F2C9C01AD00F4E1F1 /* Flags.swift */,
				B2801F902C9C01AD00F4E1F1 /* iCloud.swift */,
			);
			name = Libraries;
			sourceTree = "<group>";
		};
		B2801FCE2C9C060300F4E1F1 /* Reusable UIKit Components */ = {
			isa = PBXGroup;
			children = (
				B220AA722CA2CF5A00232D3C /* Banner.swift */,
				B220AA732CA2CF5A00232D3C /* Image Capture.swift */,
				B220AA742CA2CF5A00232D3C /* Input String.swift */,
				B220AA752CA2CF5A00232D3C /* Input Title.swift */,
				B220AA762CA2CF5A00232D3C /* Input Integer.swift */,
				B220AA772CA2CF5A00232D3C /* Input Float.swift */,
				B220AA782CA2CF5A00232D3C /* input Number Mac.swift */,
				B220AA792CA2CF5A00232D3C /* Input Toggle.swift */,
				B220AA7A2CA2CF5A00232D3C /* Picker Input Simple.swift */,
				B220AA7B2CA2CF5A00232D3C /* Picker Input.swift */,
				B220AA7C2CA2CF5A00232D3C /* Multi Select Picker Input.swift */,
				B220AA7D2CA2CF5A00232D3C /* Date Picker Input.swift */,
				B220AA7E2CA2CF5A00232D3C /* Stepper Input.swift */,
				B220AA7F2CA2CF5A00232D3C /* Separator.swift */,
				B220AA802CA2CF5A00232D3C /* Standard View.swift */,
				B220AA812CA2CF5A00232D3C /* Double Column View.swift */,
				B220AA822CA2CF5A00232D3C /* Toolbar View.swift */,
				B220AA832CA2CF5A00232D3C /* List Tile View.swift */,
				B220AA842CA2CF5A00232D3C /* Inset View.swift */,
				B2801FC22C9C030C00F4E1F1 /* Key Action Enumeration.swift */,
				B220AA702CA2AE5B00232D3C /* Message Box.swift */,
				B220AA982CA2CF6B00232D3C /* Slide In Menu.swift */,
				B220AA992CA2CF6B00232D3C /* Swipe Gestures.swift */,
				B220AA9A2CA2CF6B00232D3C /* Target View Modifiers.swift */,
				B220AA9B2CA2CF6B00232D3C /* Keyboard Adaptive.swift */,
				B220AA9C2CA2CF6B00232D3C /* Popup Menu.swift */,
				B220AA9D2CA2CF6B00232D3C /* Undo Handler.swift */,
			);
			name = "Reusable UIKit Components";
			sourceTree = "<group>";
		};
		B2801FCF2C9C064D00F4E1F1 /* Standard Components */ = {
			isa = PBXGroup;
			children = (
				B2801FD32C9C0E9A00F4E1F1 /* MyApp.swift */,
				B27E2DC42C9B3171006AF358 /* Entity List.swift */,
				B27E2DC62C9B3470006AF358 /* Persistence.swift */,
				B2801FD42C9C0E9A00F4E1F1 /* Declarations.swift */,
				B2801FD52C9C0E9A00F4E1F1 /* Config.swift */,
				B2801FD62C9C0E9A00F4E1F1 /* User Defaults.swift */,
			);
			name = "Standard Components";
			sourceTree = "<group>";
		};
		B2801FD12C9C069300F4E1F1 /* Managed Objects */ = {
			isa = PBXGroup;
			children = (
				B27E2DC92C9B35A5006AF358 /* Fragment Managed Object.swift */,
			);
			name = "Managed Objects";
			sourceTree = "<group>";
		};
		B2801FD22C9C06F900F4E1F1 /* Standard Components */ = {
			isa = PBXGroup;
			children = (
				B2801FDE2C9C106E00F4E1F1 /* Master Data.swift */,
				B27E2DAD2C9B2B6B006AF358 /* Assets.xcassets */,
				B27E2DB22C9B2B6B006AF358 /* System Control App.swift */,
			);
			name = "Standard Components";
			sourceTree = "<group>";
		};
		B2801FDB2C9C0EDC00F4E1F1 /* Utilities */ = {
			isa = PBXGroup;
			children = (
				B2801FDC2C9C0EFA00F4E1F1 /* Version.swift */,
			);
			name = Utilities;
			sourceTree = "<group>";
		};
		B2801FE02C9C11A000F4E1F1 /* View Models */ = {
			isa = PBXGroup;
			children = (
				B2801FE12C9C11B700F4E1F1 /* Fragment View Model.swift */,
			);
			name = "View Models";
			sourceTree = "<group>";
		};
/* End PBXGroup section */

/* Begin PBXNativeTarget section */
		B27E2D8F2C9B2A01006AF358 /* SystemControl */ = {
			isa = PBXNativeTarget;
			buildConfigurationList = B27E2DA42C9B2A03006AF358 /* Build configuration list for PBXNativeTarget "SystemControl" */;
			buildPhases = (
				B27E2D8C2C9B2A01006AF358 /* Sources */,
				B27E2D8D2C9B2A01006AF358 /* Frameworks */,
				B27E2D8E2C9B2A01006AF358 /* Resources */,
			);
			buildRules = (
			);
			dependencies = (
			);
			name = SystemControl;
			packageProductDependencies = (
			);
			productName = SystemControl;
			productReference = B27E2D902C9B2A01006AF358 /* SystemControl.app */;
			productType = "com.apple.product-type.application";
		};
/* End PBXNativeTarget section */

/* Begin PBXProject section */
		B27E2D882C9B2A01006AF358 /* Project object */ = {
			isa = PBXProject;
			attributes = {
				BuildIndependentTargetsInParallel = 1;
				LastSwiftUpdateCheck = 1600;
				LastUpgradeCheck = 1600;
				TargetAttributes = {
					B27E2D8F2C9B2A01006AF358 = {
						CreatedOnToolsVersion = 16.0;
					};
				};
			};
			buildConfigurationList = B27E2D8B2C9B2A01006AF358 /* Build configuration list for PBXProject "SystemControl" */;
			developmentRegion = en;
			hasScannedForEncodings = 0;
			knownRegions = (
				en,
				Base,
			);
			mainGroup = B27E2D872C9B2A01006AF358;
			minimizedProjectReferenceProxies = 1;
			preferredProjectObjectVersion = 77;
			productRefGroup = B27E2D912C9B2A01006AF358 /* Products */;
			projectDirPath = "";
			projectRoot = "";
			targets = (
				B27E2D8F2C9B2A01006AF358 /* SystemControl */,
			);
		};
/* End PBXProject section */

/* Begin PBXResourcesBuildPhase section */
		B27E2D8E2C9B2A01006AF358 /* Resources */ = {
			isa = PBXResourcesBuildPhase;
			buildActionMask = 2147483647;
			files = (
				B27E2DB52C9B2B6B006AF358 /* Preview Assets.xcassets in Resources */,
				B27E2DC02C9B2BF7006AF358 /* Notes.txt in Resources */,
				B27E2DB62C9B2B6B006AF358 /* Assets.xcassets in Resources */,
			);
			runOnlyForDeploymentPostprocessing = 0;
		};
/* End PBXResourcesBuildPhase section */

/* Begin PBXSourcesBuildPhase section */
		B27E2D8C2C9B2A01006AF358 /* Sources */ = {
			isa = PBXSourcesBuildPhase;
			buildActionMask = 2147483647;
			files = (
				B2801F912C9C01AD00F4E1F1 /* Link Presentation.swift in Sources */,
				B2801F922C9C01AD00F4E1F1 /* Day Number.swift in Sources */,
				B2801F932C9C01AD00F4E1F1 /* iCloud.swift in Sources */,
				B2801F942C9C01AD00F4E1F1 /* My Color.swift in Sources */,
				B2801F952C9C01AD00F4E1F1 /* Utility.swift in Sources */,
				B2801F962C9C01AD00F4E1F1 /* Utility Extension.swift in Sources */,
				B2801F972C9C01AD00F4E1F1 /* My Image.swift in Sources */,
				B2801FC82C9C030C00F4E1F1 /* Key Action Enumeration.swift in Sources */,
				B2801F982C9C01AD00F4E1F1 /* Other Extensions.swift in Sources */,
				B2801F992C9C01AD00F4E1F1 /* Local Authentication.swift in Sources */,
				B2801F9A2C9C01AD00F4E1F1 /* Constraint.swift in Sources */,
				B2801F9B2C9C01AD00F4E1F1 /* String Extensions.swift in Sources */,
				B2801F9C2C9C01AD00F4E1F1 /* Flags.swift in Sources */,
				B2801FE22C9C11BE00F4E1F1 /* Fragment View Model.swift in Sources */,
				B2801FD72C9C0E9A00F4E1F1 /* Config.swift in Sources */,
				B2801FD82C9C0E9A00F4E1F1 /* User Defaults.swift in Sources */,
				B2801FD92C9C0E9A00F4E1F1 /* MyApp.swift in Sources */,
				B220AA852CA2CF5A00232D3C /* Input String.swift in Sources */,
				B220AA862CA2CF5A00232D3C /* Input Float.swift in Sources */,
				B220AA872CA2CF5A00232D3C /* input Number Mac.swift in Sources */,
				B220AAA92CA2CFDF00232D3C /* Graph View Class.swift in Sources */,
				B220AA882CA2CF5A00232D3C /* Input Title.swift in Sources */,
				B220AA892CA2CF5A00232D3C /* Date Picker Input.swift in Sources */,
				B220AA8A2CA2CF5A00232D3C /* Multi Select Picker Input.swift in Sources */,
				B220AA8B2CA2CF5A00232D3C /* Standard View.swift in Sources */,
				B220AA9E2CA2CF6B00232D3C /* Target View Modifiers.swift in Sources */,
				B220AA9F2CA2CF6B00232D3C /* Slide In Menu.swift in Sources */,
				B220AAA02CA2CF6B00232D3C /* Swipe Gestures.swift in Sources */,
				B220AAA12CA2CF6B00232D3C /* Keyboard Adaptive.swift in Sources */,
				B220AAA22CA2CF6B00232D3C /* Undo Handler.swift in Sources */,
				B220AAA32CA2CF6B00232D3C /* Popup Menu.swift in Sources */,
				B220AA8C2CA2CF5A00232D3C /* Banner.swift in Sources */,
				B220AA8D2CA2CF5A00232D3C /* Picker Input Simple.swift in Sources */,
				B220AA8E2CA2CF5A00232D3C /* Image Capture.swift in Sources */,
				B220AA8F2CA2CF5A00232D3C /* Picker Input.swift in Sources */,
				B220AA902CA2CF5A00232D3C /* Separator.swift in Sources */,
				B220AA912CA2CF5A00232D3C /* Input Integer.swift in Sources */,
				B220AAA62CA2CFCC00232D3C /* Custom Collection View Flow.swift in Sources */,
				B220AAA72CA2CFCC00232D3C /* Custom View Animations.swift in Sources */,
				B220AA922CA2CF5A00232D3C /* Double Column View.swift in Sources */,
				B220AA932CA2CF5A00232D3C /* Stepper Input.swift in Sources */,
				B220AA942CA2CF5A00232D3C /* Toolbar View.swift in Sources */,
				B220AA952CA2CF5A00232D3C /* Input Toggle.swift in Sources */,
				B220AA962CA2CF5A00232D3C /* List Tile View.swift in Sources */,
				B220AA972CA2CF5A00232D3C /* Inset View.swift in Sources */,
				B2801FDD2C9C0EFA00F4E1F1 /* Version.swift in Sources */,
				B2801FDA2C9C0E9A00F4E1F1 /* Declarations.swift in Sources */,
				B2801F9D2C9C01AD00F4E1F1 /* Backup.swift in Sources */,
				B2801F9E2C9C01AD00F4E1F1 /* Date Extensions.swift in Sources */,
				B27E2DD12C9B3680006AF358 /* Core Data.swift in Sources */,
				B27E2DCA2C9B35B0006AF358 /* Fragment Managed Object.swift in Sources */,
				B2801FDF2C9C106E00F4E1F1 /* Master Data.swift in Sources */,
				B27E2DB72C9B2B6B006AF358 /* ContentView.swift in Sources */,
				B27E2DC52C9B3178006AF358 /* Entity List.swift in Sources */,
				B220AA712CA2AE5B00232D3C /* Message Box.swift in Sources */,
				B2801F812C9C018B00F4E1F1 /* Themes.swift in Sources */,
				B2801F822C9C018B00F4E1F1 /* Palette.swift in Sources */,
				B2801F7E2C9BF4DF00F4E1F1 /* Object Model.swift in Sources */,
				B27E2DBA2C9B2B6B006AF358 /* System Control App.swift in Sources */,
				B27E2DC72C9B3470006AF358 /* Persistence.swift in Sources */,
			);
			runOnlyForDeploymentPostprocessing = 0;
		};
/* End PBXSourcesBuildPhase section */

/* Begin XCBuildConfiguration section */
		B27E2DA22C9B2A03006AF358 /* Debug */ = {
			isa = XCBuildConfiguration;
			buildSettings = {
				ALWAYS_SEARCH_USER_PATHS = NO;
				ASSETCATALOG_COMPILER_GENERATE_SWIFT_ASSET_SYMBOL_EXTENSIONS = YES;
				CLANG_ANALYZER_NONNULL = YES;
				CLANG_ANALYZER_NUMBER_OBJECT_CONVERSION = YES_AGGRESSIVE;
				CLANG_CXX_LANGUAGE_STANDARD = "gnu++20";
				CLANG_ENABLE_MODULES = YES;
				CLANG_ENABLE_OBJC_ARC = YES;
				CLANG_ENABLE_OBJC_WEAK = YES;
				CLANG_WARN_BLOCK_CAPTURE_AUTORELEASING = YES;
				CLANG_WARN_BOOL_CONVERSION = YES;
				CLANG_WARN_COMMA = YES;
				CLANG_WARN_CONSTANT_CONVERSION = YES;
				CLANG_WARN_DEPRECATED_OBJC_IMPLEMENTATIONS = YES;
				CLANG_WARN_DIRECT_OBJC_ISA_USAGE = YES_ERROR;
				CLANG_WARN_DOCUMENTATION_COMMENTS = YES;
				CLANG_WARN_EMPTY_BODY = YES;
				CLANG_WARN_ENUM_CONVERSION = YES;
				CLANG_WARN_INFINITE_RECURSION = YES;
				CLANG_WARN_INT_CONVERSION = YES;
				CLANG_WARN_NON_LITERAL_NULL_CONVERSION = YES;
				CLANG_WARN_OBJC_IMPLICIT_RETAIN_SELF = YES;
				CLANG_WARN_OBJC_LITERAL_CONVERSION = YES;
				CLANG_WARN_OBJC_ROOT_CLASS = YES_ERROR;
				CLANG_WARN_QUOTED_INCLUDE_IN_FRAMEWORK_HEADER = YES;
				CLANG_WARN_RANGE_LOOP_ANALYSIS = YES;
				CLANG_WARN_STRICT_PROTOTYPES = YES;
				CLANG_WARN_SUSPICIOUS_MOVE = YES;
				CLANG_WARN_UNGUARDED_AVAILABILITY = YES_AGGRESSIVE;
				CLANG_WARN_UNREACHABLE_CODE = YES;
				CLANG_WARN__DUPLICATE_METHOD_MATCH = YES;
				COPY_PHASE_STRIP = NO;
				DEBUG_INFORMATION_FORMAT = dwarf;
				ENABLE_STRICT_OBJC_MSGSEND = YES;
				ENABLE_TESTABILITY = YES;
				ENABLE_USER_SCRIPT_SANDBOXING = YES;
				GCC_C_LANGUAGE_STANDARD = gnu17;
				GCC_DYNAMIC_NO_PIC = NO;
				GCC_NO_COMMON_BLOCKS = YES;
				GCC_OPTIMIZATION_LEVEL = 0;
				GCC_PREPROCESSOR_DEFINITIONS = (
					"DEBUG=1",
					"$(inherited)",
				);
				GCC_WARN_64_TO_32_BIT_CONVERSION = YES;
				GCC_WARN_ABOUT_RETURN_TYPE = YES_ERROR;
				GCC_WARN_UNDECLARED_SELECTOR = YES;
				GCC_WARN_UNINITIALIZED_AUTOS = YES_AGGRESSIVE;
				GCC_WARN_UNUSED_FUNCTION = YES;
				GCC_WARN_UNUSED_VARIABLE = YES;
				LOCALIZATION_PREFERS_STRING_CATALOGS = YES;
				MACOSX_DEPLOYMENT_TARGET = 14.6;
				MTL_ENABLE_DEBUG_INFO = INCLUDE_SOURCE;
				MTL_FAST_MATH = YES;
				ONLY_ACTIVE_ARCH = YES;
				SDKROOT = iphoneos;
				SWIFT_ACTIVE_COMPILATION_CONDITIONS = "DEBUG $(inherited)";
				SWIFT_OPTIMIZATION_LEVEL = "-Onone";
			};
			name = Debug;
		};
		B27E2DA32C9B2A03006AF358 /* Release */ = {
			isa = XCBuildConfiguration;
			buildSettings = {
				ALWAYS_SEARCH_USER_PATHS = NO;
				ASSETCATALOG_COMPILER_GENERATE_SWIFT_ASSET_SYMBOL_EXTENSIONS = YES;
				CLANG_ANALYZER_NONNULL = YES;
				CLANG_ANALYZER_NUMBER_OBJECT_CONVERSION = YES_AGGRESSIVE;
				CLANG_CXX_LANGUAGE_STANDARD = "gnu++20";
				CLANG_ENABLE_MODULES = YES;
				CLANG_ENABLE_OBJC_ARC = YES;
				CLANG_ENABLE_OBJC_WEAK = YES;
				CLANG_WARN_BLOCK_CAPTURE_AUTORELEASING = YES;
				CLANG_WARN_BOOL_CONVERSION = YES;
				CLANG_WARN_COMMA = YES;
				CLANG_WARN_CONSTANT_CONVERSION = YES;
				CLANG_WARN_DEPRECATED_OBJC_IMPLEMENTATIONS = YES;
				CLANG_WARN_DIRECT_OBJC_ISA_USAGE = YES_ERROR;
				CLANG_WARN_DOCUMENTATION_COMMENTS = YES;
				CLANG_WARN_EMPTY_BODY = YES;
				CLANG_WARN_ENUM_CONVERSION = YES;
				CLANG_WARN_INFINITE_RECURSION = YES;
				CLANG_WARN_INT_CONVERSION = YES;
				CLANG_WARN_NON_LITERAL_NULL_CONVERSION = YES;
				CLANG_WARN_OBJC_IMPLICIT_RETAIN_SELF = YES;
				CLANG_WARN_OBJC_LITERAL_CONVERSION = YES;
				CLANG_WARN_OBJC_ROOT_CLASS = YES_ERROR;
				CLANG_WARN_QUOTED_INCLUDE_IN_FRAMEWORK_HEADER = YES;
				CLANG_WARN_RANGE_LOOP_ANALYSIS = YES;
				CLANG_WARN_STRICT_PROTOTYPES = YES;
				CLANG_WARN_SUSPICIOUS_MOVE = YES;
				CLANG_WARN_UNGUARDED_AVAILABILITY = YES_AGGRESSIVE;
				CLANG_WARN_UNREACHABLE_CODE = YES;
				CLANG_WARN__DUPLICATE_METHOD_MATCH = YES;
				COPY_PHASE_STRIP = NO;
				DEBUG_INFORMATION_FORMAT = "dwarf-with-dsym";
				ENABLE_NS_ASSERTIONS = NO;
				ENABLE_STRICT_OBJC_MSGSEND = YES;
				ENABLE_USER_SCRIPT_SANDBOXING = YES;
				GCC_C_LANGUAGE_STANDARD = gnu17;
				GCC_NO_COMMON_BLOCKS = YES;
				GCC_WARN_64_TO_32_BIT_CONVERSION = YES;
				GCC_WARN_ABOUT_RETURN_TYPE = YES_ERROR;
				GCC_WARN_UNDECLARED_SELECTOR = YES;
				GCC_WARN_UNINITIALIZED_AUTOS = YES_AGGRESSIVE;
				GCC_WARN_UNUSED_FUNCTION = YES;
				GCC_WARN_UNUSED_VARIABLE = YES;
				LOCALIZATION_PREFERS_STRING_CATALOGS = YES;
				MACOSX_DEPLOYMENT_TARGET = 14.6;
				MTL_ENABLE_DEBUG_INFO = NO;
				MTL_FAST_MATH = YES;
				SDKROOT = iphoneos;
				SWIFT_COMPILATION_MODE = wholemodule;
			};
			name = Release;
		};
		B27E2DA52C9B2A03006AF358 /* Debug */ = {
			isa = XCBuildConfiguration;
			buildSettings = {
				ASSETCATALOG_COMPILER_APPICON_NAME = AppIcon;
				ASSETCATALOG_COMPILER_GLOBAL_ACCENT_COLOR_NAME = AccentColor;
				CODE_SIGN_ENTITLEMENTS = SystemControl/SystemControl.entitlements;
				CODE_SIGN_STYLE = Automatic;
				COMBINE_HIDPI_IMAGES = YES;
				CURRENT_PROJECT_VERSION = 1;
				DEVELOPMENT_ASSET_PATHS = "\"SystemControl/Preview Content\"";
				ENABLE_PREVIEWS = YES;
				GENERATE_INFOPLIST_FILE = YES;
				INFOPLIST_KEY_CFBundleDisplayName = "System Control";
				INFOPLIST_KEY_LSApplicationCategoryType = "public.app-category.productivity";
				INFOPLIST_KEY_NSHumanReadableCopyright = "";
				LD_RUNPATH_SEARCH_PATHS = (
					"$(inherited)",
					"@executable_path/../Frameworks",
				);
				MACOSX_DEPLOYMENT_TARGET = 15.0;
				MARKETING_VERSION = 1.0;
				PRODUCT_BUNDLE_IDENTIFIER = MarcShearer.SystemControl;
				PRODUCT_NAME = "$(TARGET_NAME)";
				SUPPORTED_PLATFORMS = "iphoneos iphonesimulator";
				SUPPORTS_MACCATALYST = YES;
				SWIFT_EMIT_LOC_STRINGS = YES;
				SWIFT_VERSION = 5.0;
				TARGETED_DEVICE_FAMILY = "1,2";
			};
			name = Debug;
		};
		B27E2DA62C9B2A03006AF358 /* Release */ = {
			isa = XCBuildConfiguration;
			buildSettings = {
				ASSETCATALOG_COMPILER_APPICON_NAME = AppIcon;
				ASSETCATALOG_COMPILER_GLOBAL_ACCENT_COLOR_NAME = AccentColor;
				CODE_SIGN_ENTITLEMENTS = SystemControl/SystemControl.entitlements;
				CODE_SIGN_STYLE = Automatic;
				COMBINE_HIDPI_IMAGES = YES;
				CURRENT_PROJECT_VERSION = 1;
				DEVELOPMENT_ASSET_PATHS = "\"SystemControl/Preview Content\"";
				ENABLE_PREVIEWS = YES;
				GENERATE_INFOPLIST_FILE = YES;
				INFOPLIST_KEY_CFBundleDisplayName = "System Control";
				INFOPLIST_KEY_LSApplicationCategoryType = "public.app-category.productivity";
				INFOPLIST_KEY_NSHumanReadableCopyright = "";
				LD_RUNPATH_SEARCH_PATHS = (
					"$(inherited)",
					"@executable_path/../Frameworks",
				);
				MACOSX_DEPLOYMENT_TARGET = 15.0;
				MARKETING_VERSION = 1.0;
				PRODUCT_BUNDLE_IDENTIFIER = MarcShearer.SystemControl;
				PRODUCT_NAME = "$(TARGET_NAME)";
				SUPPORTED_PLATFORMS = "iphoneos iphonesimulator";
				SUPPORTS_MACCATALYST = YES;
				SWIFT_EMIT_LOC_STRINGS = YES;
				SWIFT_VERSION = 5.0;
				TARGETED_DEVICE_FAMILY = "1,2";
			};
			name = Release;
		};
/* End XCBuildConfiguration section */

/* Begin XCConfigurationList section */
		B27E2D8B2C9B2A01006AF358 /* Build configuration list for PBXProject "SystemControl" */ = {
			isa = XCConfigurationList;
			buildConfigurations = (
				B27E2DA22C9B2A03006AF358 /* Debug */,
				B27E2DA32C9B2A03006AF358 /* Release */,
			);
			defaultConfigurationIsVisible = 0;
			defaultConfigurationName = Release;
		};
		B27E2DA42C9B2A03006AF358 /* Build configuration list for PBXNativeTarget "SystemControl" */ = {
			isa = XCConfigurationList;
			buildConfigurations = (
				B27E2DA52C9B2A03006AF358 /* Debug */,
				B27E2DA62C9B2A03006AF358 /* Release */,
			);
			defaultConfigurationIsVisible = 0;
			defaultConfigurationName = Release;
		};
/* End XCConfigurationList section */
	};
	rootObject = B27E2D882C9B2A01006AF358 /* Project object */;
}
